
Microsoft Visual Studio Solution File, Format Version 12.00
# Visual Studio 15
VisualStudioVersion = 15.0.28307.168
MinimumVisualStudioVersion = 10.0.40219.1
Project("{FAE04EC0-301F-11D3-BF4B-00C04F79EFBC}") = "Range-Finder", "Range-Finder\Range-Finder.csproj", "{A28CA2CF-A459-438A-813B-03E26E6E14E9}"
EndProject
Global
	GlobalSection(SolutionConfigurationPlatforms) = preSolution
		Debug|Any CPU = Debug|Any CPU
		Release|Any CPU = Release|Any CPU
	EndGlobalSection
	GlobalSection(ProjectConfigurationPlatforms) = postSolution
		{A28CA2CF-A459-438A-813B-03E26E6E14E9}.Debug|Any CPU.ActiveCfg = Debug|Any CPU
		{A28CA2CF-A459-438A-813B-03E26E6E14E9}.Debug|Any CPU.Build.0 = Debug|Any CPU
		{A28CA2CF-A459-438A-813B-03E26E6E14E9}.Release|Any CPU.ActiveCfg = Release|Any CPU
		{A28CA2CF-A459-438A-813B-03E26E6E14E9}.Release|Any CPU.Build.0 = Release|Any CPU
	EndGlobalSection
	GlobalSection(SolutionProperties) = preSolution
		HideSolutionNode = FALSE
	EndGlobalSection
	GlobalSection(ExtensibilityGlobals) = postSolution
		SolutionGuid = {72D30B7A-EB31-445B-8776-115CCA0E3C16}
	EndGlobalSection
EndGlobal
